
Microsoft Visual Studio Solution File, Format Version 12.00
# Visual Studio Version 17
VisualStudioVersion = 17.14.36811.4 d17.14
MinimumVisualStudioVersion = 10.0.40219.1
Project("{8BC9CEB8-8B4A-11D0-8D11-00A0C91BC942}") = "BufferTest_v25", "BufferTest_v25.vcxproj", "{DD726294-2AFA-4FD7-9489-F53D78D30785}"
EndProject
Global
	GlobalSection(SolutionConfigurationPlatforms) = preSolution
		Debug|x64 = Debug|x64
		Debug|x86 = Debug|x86
		Release|x64 = Release|x64
		Release|x86 = Release|x86
	EndGlobalSection
	GlobalSection(ProjectConfigurationPlatforms) = postSolution
		{DD726294-2AFA-4FD7-9489-F53D78D30785}.Debug|x64.ActiveCfg = Debug|x64
		{DD726294-2AFA-4FD7-9489-F53D78D30785}.Debug|x64.Build.0 = Debug|x64
		{DD726294-2AFA-4FD7-9489-F53D78D30785}.Debug|x86.ActiveCfg = Debug|Win32
		{DD726294-2AFA-4FD7-9489-F53D78D30785}.Debug|x86.Build.0 = Debug|Win32
		{DD726294-2AFA-4FD7-9489-F53D78D30785}.Release|x64.ActiveCfg = Release|x64
		{DD726294-2AFA-4FD7-9489-F53D78D30785}.Release|x64.Build.0 = Release|x64
		{DD726294-2AFA-4FD7-9489-F53D78D30785}.Release|x86.ActiveCfg = Release|Win32
		{DD726294-2AFA-4FD7-9489-F53D78D30785}.Release|x86.Build.0 = Release|Win32
	EndGlobalSection
	GlobalSection(SolutionProperties) = preSolution
		HideSolutionNode = FALSE
	EndGlobalSection
	GlobalSection(ExtensibilityGlobals) = postSolution
		SolutionGuid = {7EFC7152-AF20-4F75-82E9-208F1B5F57DC}
	EndGlobalSection
EndGlobal
